
Microsoft Visual Studio Solution File, Format Version 12.00
Project("{FAE04EC0-301F-11D3-BF4B-00C04F79EFBC}") = "AbsurdRepliesServer.WebApi", "AbsurdRepliesServer.WebApi\AbsurdRepliesServer.WebApi.csproj", "{F9F50930-F558-45E7-9C0C-2A23A0589E4D}"
EndProject
Project("{FAE04EC0-301F-11D3-BF4B-00C04F79EFBC}") = "AbsurdRepliesServer.UnitTests", "AbsurdRepliesServer.UnitTests\AbsurdRepliesServer.UnitTests.csproj", "{1B691D0F-2EDA-4C37-B55C-DA69C81EA6FE}"
EndProject
Project("{FAE04EC0-301F-11D3-BF4B-00C04F79EFBC}") = "AbsurdRepliesServer.SiloHost", "AbsurdRepliesServer.SiloHost\AbsurdRepliesServer.SiloHost.csproj", "{57732D4A-171D-4CB8-895C-1FD2F1BB1A76}"
EndProject
Project("{FAE04EC0-301F-11D3-BF4B-00C04F79EFBC}") = "AbsurdRepliesServer.Grains", "AbsurdRepliesServer.Grains\AbsurdRepliesServer.Grains.csproj", "{64630640-EA5C-446D-B405-21714FAC979D}"
EndProject
Project("{FAE04EC0-301F-11D3-BF4B-00C04F79EFBC}") = "AbsurdRepliesServer.OrleansClient", "AbsurdRepliesServer.OrleansClient\AbsurdRepliesServer.OrleansClient.csproj", "{4897BEC9-39B4-4AC1-81E1-910DE2262D33}"
EndProject
Project("{FAE04EC0-301F-11D3-BF4B-00C04F79EFBC}") = "AbsurdRepliesServer", "AbsurdRepliesServer\AbsurdRepliesServer.csproj", "{21030853-06B6-490A-8EBF-4F1D8EA59F10}"
EndProject
Global
	GlobalSection(SolutionConfigurationPlatforms) = preSolution
		Debug|Any CPU = Debug|Any CPU
		Release|Any CPU = Release|Any CPU
	EndGlobalSection
	GlobalSection(ProjectConfigurationPlatforms) = postSolution
		{F9F50930-F558-45E7-9C0C-2A23A0589E4D}.Debug|Any CPU.ActiveCfg = Debug|Any CPU
		{F9F50930-F558-45E7-9C0C-2A23A0589E4D}.Debug|Any CPU.Build.0 = Debug|Any CPU
		{F9F50930-F558-45E7-9C0C-2A23A0589E4D}.Release|Any CPU.ActiveCfg = Release|Any CPU
		{F9F50930-F558-45E7-9C0C-2A23A0589E4D}.Release|Any CPU.Build.0 = Release|Any CPU
		{1B691D0F-2EDA-4C37-B55C-DA69C81EA6FE}.Debug|Any CPU.ActiveCfg = Debug|Any CPU
		{1B691D0F-2EDA-4C37-B55C-DA69C81EA6FE}.Debug|Any CPU.Build.0 = Debug|Any CPU
		{1B691D0F-2EDA-4C37-B55C-DA69C81EA6FE}.Release|Any CPU.ActiveCfg = Release|Any CPU
		{1B691D0F-2EDA-4C37-B55C-DA69C81EA6FE}.Release|Any CPU.Build.0 = Release|Any CPU
		{57732D4A-171D-4CB8-895C-1FD2F1BB1A76}.Debug|Any CPU.ActiveCfg = Debug|Any CPU
		{57732D4A-171D-4CB8-895C-1FD2F1BB1A76}.Debug|Any CPU.Build.0 = Debug|Any CPU
		{57732D4A-171D-4CB8-895C-1FD2F1BB1A76}.Release|Any CPU.ActiveCfg = Release|Any CPU
		{57732D4A-171D-4CB8-895C-1FD2F1BB1A76}.Release|Any CPU.Build.0 = Release|Any CPU
		{64630640-EA5C-446D-B405-21714FAC979D}.Debug|Any CPU.ActiveCfg = Debug|Any CPU
		{64630640-EA5C-446D-B405-21714FAC979D}.Debug|Any CPU.Build.0 = Debug|Any CPU
		{64630640-EA5C-446D-B405-21714FAC979D}.Release|Any CPU.ActiveCfg = Release|Any CPU
		{64630640-EA5C-446D-B405-21714FAC979D}.Release|Any CPU.Build.0 = Release|Any CPU
		{4897BEC9-39B4-4AC1-81E1-910DE2262D33}.Debug|Any CPU.ActiveCfg = Debug|Any CPU
		{4897BEC9-39B4-4AC1-81E1-910DE2262D33}.Debug|Any CPU.Build.0 = Debug|Any CPU
		{4897BEC9-39B4-4AC1-81E1-910DE2262D33}.Release|Any CPU.ActiveCfg = Release|Any CPU
		{4897BEC9-39B4-4AC1-81E1-910DE2262D33}.Release|Any CPU.Build.0 = Release|Any CPU
		{21030853-06B6-490A-8EBF-4F1D8EA59F10}.Debug|Any CPU.ActiveCfg = Debug|Any CPU
		{21030853-06B6-490A-8EBF-4F1D8EA59F10}.Debug|Any CPU.Build.0 = Debug|Any CPU
		{21030853-06B6-490A-8EBF-4F1D8EA59F10}.Release|Any CPU.ActiveCfg = Release|Any CPU
		{21030853-06B6-490A-8EBF-4F1D8EA59F10}.Release|Any CPU.Build.0 = Release|Any CPU
	EndGlobalSection
EndGlobal
